
Microsoft Visual Studio Solution File, Format Version 12.00
# Visual Studio Version 17
VisualStudioVersion = 17.8.34322.80
MinimumVisualStudioVersion = 10.0.40219.1
Project("{2150E333-8FDC-42A3-9474-1A3956D46DE8}") = "Demo Projects", "Demo Projects", "{6FCF9563-2C4A-4E06-AFD5-9527F9AB66F2}"
EndProject
Project("{2150E333-8FDC-42A3-9474-1A3956D46DE8}") = "Source", "Source", "{99AF4B1A-9D85-4843-B039-5C786C11845F}"
EndProject
Project("{2150E333-8FDC-42A3-9474-1A3956D46DE8}") = "Documents", "Documents", "{6040D198-2967-40BB-816E-D5FAEF6FC18F}"
	ProjectSection(SolutionItems) = preProject
		Documents\An-Example.md = Documents\An-Example.md
		Documents\Awaitable.md = Documents\Awaitable.md
		Documents\Blazor-SynchronisationContext.md = Documents\Blazor-SynchronisationContext.md
		Documents\Building-A-SynchronisationContext.md = Documents\Building-A-SynchronisationContext.md
		Documents\Collected-Material.md = Documents\Collected-Material.md
		Documents\Delay.md = Documents\Delay.md
		Documents\Introduction.md = Documents\Introduction.md
		readme.md = readme.md
		Documents\SynchronisationContext.md = Documents\SynchronisationContext.md
		Documents\The-Async-State-Machine.md = Documents\The-Async-State-Machine.md
		Documents\The-Blazor-Context.md = Documents\The-Blazor-Context.md
		Documents\Timers.md = Documents\Timers.md
		Documents\Understanding-Asynchronous-Behaviour.md = Documents\Understanding-Asynchronous-Behaviour.md
		Documents\Yield.md = Documents\Yield.md
	EndProjectSection
EndProject
Project("{9A19103F-16F7-4668-BE54-9A1E7A4F7556}") = "Blazr.Async", "Source\Blazr.Async\Blazr.Async.csproj", "{08F6A1A4-8000-4DBD-BE09-63C00CD7DD7B}"
EndProject
Project("{9A19103F-16F7-4668-BE54-9A1E7A4F7556}") = "Blazr.AsyncStateMachine.Demo", "Source\Demo-Projects\Blazr.AsyncStateMachine.Demo\Blazr.AsyncStateMachine.Demo.csproj", "{EE151B98-444F-4C59-ABC0-4975070B7C16}"
EndProject
Project("{9A19103F-16F7-4668-BE54-9A1E7A4F7556}") = "Blazr.Awaitable.Demo", "Source\Demo-Projects\Blazr.Awaitable.Demo\Blazr.Awaitable.Demo.csproj", "{D6A3F1BE-4802-4048-BE9E-E538F40431AE}"
EndProject
Project("{9A19103F-16F7-4668-BE54-9A1E7A4F7556}") = "Blazr.AsyncAwait", "Source\Demo-Projects\Blazr.AsyncAwait\Blazr.AsyncAwait.csproj", "{D406BA65-45C4-43D6-8741-ACB2EA444999}"
EndProject
Project("{9A19103F-16F7-4668-BE54-9A1E7A4F7556}") = "Blazr.MyAwaitable", "Source\Demo-Projects\Blazr.MyAwaitable\Blazr.MyAwaitable.csproj", "{6C0FC490-5F2B-42C4-8A2C-3F94F2DB04A1}"
EndProject
Project("{9A19103F-16F7-4668-BE54-9A1E7A4F7556}") = "Blazr.SyncContext.Demo", "Source\Demo-Projects\Blazr.SyncContext.Demo\Blazr.SyncContext.Demo.csproj", "{D88100D9-984C-4D97-B29A-F3D45FF581CE}"
EndProject
Project("{9A19103F-16F7-4668-BE54-9A1E7A4F7556}") = "Blazr.TestAwaiter.Demo", "Source\Demo-Projects\Blazr.TestAwaiter\Blazr.TestAwaiter.Demo.csproj", "{8A568D02-5420-451F-9F9A-B0DEAC730E02}"
EndProject
Global
	GlobalSection(SolutionConfigurationPlatforms) = preSolution
		Debug|Any CPU = Debug|Any CPU
		Release|Any CPU = Release|Any CPU
	EndGlobalSection
	GlobalSection(ProjectConfigurationPlatforms) = postSolution
		{08F6A1A4-8000-4DBD-BE09-63C00CD7DD7B}.Debug|Any CPU.ActiveCfg = Debug|Any CPU
		{08F6A1A4-8000-4DBD-BE09-63C00CD7DD7B}.Debug|Any CPU.Build.0 = Debug|Any CPU
		{08F6A1A4-8000-4DBD-BE09-63C00CD7DD7B}.Release|Any CPU.ActiveCfg = Release|Any CPU
		{08F6A1A4-8000-4DBD-BE09-63C00CD7DD7B}.Release|Any CPU.Build.0 = Release|Any CPU
		{EE151B98-444F-4C59-ABC0-4975070B7C16}.Debug|Any CPU.ActiveCfg = Debug|Any CPU
		{EE151B98-444F-4C59-ABC0-4975070B7C16}.Debug|Any CPU.Build.0 = Debug|Any CPU
		{EE151B98-444F-4C59-ABC0-4975070B7C16}.Release|Any CPU.ActiveCfg = Release|Any CPU
		{EE151B98-444F-4C59-ABC0-4975070B7C16}.Release|Any CPU.Build.0 = Release|Any CPU
		{D6A3F1BE-4802-4048-BE9E-E538F40431AE}.Debug|Any CPU.ActiveCfg = Debug|Any CPU
		{D6A3F1BE-4802-4048-BE9E-E538F40431AE}.Debug|Any CPU.Build.0 = Debug|Any CPU
		{D6A3F1BE-4802-4048-BE9E-E538F40431AE}.Release|Any CPU.ActiveCfg = Release|Any CPU
		{D6A3F1BE-4802-4048-BE9E-E538F40431AE}.Release|Any CPU.Build.0 = Release|Any CPU
		{D406BA65-45C4-43D6-8741-ACB2EA444999}.Debug|Any CPU.ActiveCfg = Debug|Any CPU
		{D406BA65-45C4-43D6-8741-ACB2EA444999}.Debug|Any CPU.Build.0 = Debug|Any CPU
		{D406BA65-45C4-43D6-8741-ACB2EA444999}.Release|Any CPU.ActiveCfg = Release|Any CPU
		{D406BA65-45C4-43D6-8741-ACB2EA444999}.Release|Any CPU.Build.0 = Release|Any CPU
		{6C0FC490-5F2B-42C4-8A2C-3F94F2DB04A1}.Debug|Any CPU.ActiveCfg = Debug|Any CPU
		{6C0FC490-5F2B-42C4-8A2C-3F94F2DB04A1}.Debug|Any CPU.Build.0 = Debug|Any CPU
		{6C0FC490-5F2B-42C4-8A2C-3F94F2DB04A1}.Release|Any CPU.ActiveCfg = Release|Any CPU
		{6C0FC490-5F2B-42C4-8A2C-3F94F2DB04A1}.Release|Any CPU.Build.0 = Release|Any CPU
		{D88100D9-984C-4D97-B29A-F3D45FF581CE}.Debug|Any CPU.ActiveCfg = Debug|Any CPU
		{D88100D9-984C-4D97-B29A-F3D45FF581CE}.Debug|Any CPU.Build.0 = Debug|Any CPU
		{D88100D9-984C-4D97-B29A-F3D45FF581CE}.Release|Any CPU.ActiveCfg = Release|Any CPU
		{D88100D9-984C-4D97-B29A-F3D45FF581CE}.Release|Any CPU.Build.0 = Release|Any CPU
		{8A568D02-5420-451F-9F9A-B0DEAC730E02}.Debug|Any CPU.ActiveCfg = Debug|Any CPU
		{8A568D02-5420-451F-9F9A-B0DEAC730E02}.Debug|Any CPU.Build.0 = Debug|Any CPU
		{8A568D02-5420-451F-9F9A-B0DEAC730E02}.Release|Any CPU.ActiveCfg = Release|Any CPU
		{8A568D02-5420-451F-9F9A-B0DEAC730E02}.Release|Any CPU.Build.0 = Release|Any CPU
	EndGlobalSection
	GlobalSection(SolutionProperties) = preSolution
		HideSolutionNode = FALSE
	EndGlobalSection
	GlobalSection(NestedProjects) = preSolution
		{6FCF9563-2C4A-4E06-AFD5-9527F9AB66F2} = {99AF4B1A-9D85-4843-B039-5C786C11845F}
		{08F6A1A4-8000-4DBD-BE09-63C00CD7DD7B} = {99AF4B1A-9D85-4843-B039-5C786C11845F}
		{EE151B98-444F-4C59-ABC0-4975070B7C16} = {6FCF9563-2C4A-4E06-AFD5-9527F9AB66F2}
		{D6A3F1BE-4802-4048-BE9E-E538F40431AE} = {6FCF9563-2C4A-4E06-AFD5-9527F9AB66F2}
		{D406BA65-45C4-43D6-8741-ACB2EA444999} = {6FCF9563-2C4A-4E06-AFD5-9527F9AB66F2}
		{6C0FC490-5F2B-42C4-8A2C-3F94F2DB04A1} = {6FCF9563-2C4A-4E06-AFD5-9527F9AB66F2}
		{D88100D9-984C-4D97-B29A-F3D45FF581CE} = {6FCF9563-2C4A-4E06-AFD5-9527F9AB66F2}
		{8A568D02-5420-451F-9F9A-B0DEAC730E02} = {6FCF9563-2C4A-4E06-AFD5-9527F9AB66F2}
	EndGlobalSection
	GlobalSection(ExtensibilityGlobals) = postSolution
		SolutionGuid = {03435072-C18B-4A82-99E1-335B534A4A34}
	EndGlobalSection
EndGlobal
